<?xml version="1.0" encoding="utf-8"?>
<Project ToolsVersion="4.0" xmlns="http://schemas.microsoft.com/developer/msbuild/2003">
  <ItemGroup>
    <ClCompile Include="SimpleClient.cpp" />
    <ClCompile Include="Global.cpp" />
    <ClCompile Include="Packets\BasePacket.cpp">
      <Filter>Packets</Filter>
    </ClCompile>
    <ClCompile Include="Packets\ByteArray.cpp">
      <Filter>Packets</Filter>
    </ClCompile>
    <ClCompile Include="Packets\PacketDebugger.cpp">
      <Filter>Packets</Filter>
    </ClCompile>
    <ClCompile Include="Packets\Packets.cpp">
      <Filter>Packets</Filter>
    </ClCompile>
    <ClCompile Include="Packets\ReadPacket.cpp">
      <Filter>Packets</Filter>
    </ClCompile>
    <ClCompile Include="Packets\SendPacket.cpp">
      <Filter>Packets</Filter>
    </ClCompile>
    <ClCompile Include="System\PacketQueue.cpp">
      <Filter>System</Filter>
    </ClCompile>
  </ItemGroup>
  <ItemGroup>
    <Filter Include="Packets">
      <UniqueIdentifier>{3d75f851-a5b9-4e46-9c3f-1c1512b9d04c}</UniqueIdentifier>
    </Filter>
    <Filter Include="System">
      <UniqueIdentifier>{180bf108-5648-4901-9d5e-ffff840926f5}</UniqueIdentifier>
    </Filter>
  </ItemGroup>
  <ItemGroup>
    <ClInclude Include="Global.h" />
    <ClInclude Include="System\md5.h">
      <Filter>System</Filter>
    </ClInclude>
    <ClInclude Include="Packets\BasePacket.h">
      <Filter>Packets</Filter>
    </ClInclude>
    <ClInclude Include="Packets\ByteArray.h">
      <Filter>Packets</Filter>
    </ClInclude>
    <ClInclude Include="Packets\PacketDebugger.h">
      <Filter>Packets</Filter>
    </ClInclude>
    <ClInclude Include="Packets\Packets.h">
      <Filter>Packets</Filter>
    </ClInclude>
    <ClInclude Include="Packets\RSP.h">
      <Filter>Packets</Filter>
    </ClInclude>
    <ClInclude Include="System\PacketQueue.h">
      <Filter>System</Filter>
    </ClInclude>
  </ItemGroup>
</Project>